{
  "name": "Management_App",
  "lockfileVersion": 2,
  "requires": true,
  "packages": {
    "": {
      "dependencies": {
        "~": "file:angular/material/theming"
      }
    },
    "angular/material/theming": {},
    "node_modules/~": {
      "resolved": "angular/material/theming",
      "link": true
    }
  },
  "dependencies": {
    "~": {
      "version": "file:angular/material/theming"
    }
  }
}
